<?xml version="1.0" encoding="UTF-8"?>
<Scheme
   LastUpgradeVersion = "2600"
   version = "1.7">
   <BuildAction
      parallelizeBuildables = "YES"
      buildImplicitDependencies = "YES"
      buildArchitectures = "Automatic">
      <BuildActionEntries>
         <BuildActionEntry
            buildForTesting = "YES"
            buildForRunning = "YES"
            buildForProfiling = "YES"
            buildForArchiving = "YES"
            buildForAnalyzing = "YES">
            <BuildableReference
               BuildableIdentifier = "primary"
               BlueprintIdentifier = "5F0D2EA12F315B6A00D4C5F0"
               BuildableName = "lectio-next.app"
               BlueprintName = "lectio-next"
               ReferencedContainer = "container:lectio-next.xcodeproj">
            </BuildableReference>
         </BuildActionEntry>
      </BuildActionEntries>
   </BuildAction>
   <TestAction
      buildConfiguration = "Debug"
      selectedDebuggerIdentifier = "Xcode.DebuggerFoundation.Debugger.LLDB"
      selectedLauncherIdentifier = "Xcode.DebuggerFoundation.Launcher.LLDB"
      shouldUseLaunchSchemeArgsEnv = "YES"
      shouldAutocreateTestPlan = "YES">
   </TestAction>
   <LaunchAction
      buildConfiguration = "Debug"
      selectedDebuggerIdentifier = "Xcode.DebuggerFoundation.Debugger.LLDB"
      selectedLauncherIdentifier = "Xcode.DebuggerFoundation.Launcher.LLDB"
      launchStyle = "0"
      useCustomWorkingDirectory = "NO"
      ignoresPersistentStateOnLaunch = "NO"
      debugDocumentVersioning = "YES"
      debugServiceExtension = "internal"
      allowLocationSimulation = "YES">
      <BuildableProductRunnable
         runnableDebuggingMode = "0">
         <BuildableReference
            BuildableIdentifier = "primary"
            BlueprintIdentifier = "5F0D2EA12F315B6A00D4C5F0"
            BuildableName = "lectio-next.app"
            BlueprintName = "lectio-next"
            ReferencedContainer = "container:lectio-next.xcodeproj">
         </BuildableReference>
      </BuildableProductRunnable>
      <EnvironmentVariables>
         <EnvironmentVariable
            key = "SIMULATED_DATE"
            value = "2026-02-20T10:25:00"
            isEnabled = "NO">
         </EnvironmentVariable>
         <EnvironmentVariable
            key = "SUPABASE_URL"
            value = "https://uyyqxwlojqvbpukxgxem.supabase.co"
            isEnabled = "YES">
         </EnvironmentVariable>
         <EnvironmentVariable
            key = "SUPABASE_PUBLISHABLE_KEY"
            value = "sb_publishable_yGKR4-hB3Pp3Zr7QkU3UNg_5S3i-II3"
            isEnabled = "YES">
         </EnvironmentVariable>
      </EnvironmentVariables>
   </LaunchAction>
   <ProfileAction
      buildConfiguration = "Release"
      shouldUseLaunchSchemeArgsEnv = "YES"
      savedToolIdentifier = ""
      useCustomWorkingDirectory = "NO"
      debugDocumentVersioning = "YES">
      <BuildableProductRunnable
         runnableDebuggingMode = "0">
         <BuildableReference
            BuildableIdentifier = "primary"
            BlueprintIdentifier = "5F0D2EA12F315B6A00D4C5F0"
            BuildableName = "lectio-next.app"
            BlueprintName = "lectio-next"
            ReferencedContainer = "container:lectio-next.xcodeproj">
         </BuildableReference>
      </BuildableProductRunnable>
   </ProfileAction>
   <AnalyzeAction
      buildConfiguration = "Debug">
   </AnalyzeAction>
   <ArchiveAction
      buildConfiguration = "Release"
      revealArchiveInOrganizer = "YES">
   </ArchiveAction>
</Scheme>
